
Microsoft Visual Studio Solution File, Format Version 12.00
# Visual Studio 14
VisualStudioVersion = 14.0.25123.0
MinimumVisualStudioVersion = 10.0.40219.1
Project("{FAE04EC0-301F-11D3-BF4B-00C04F79EFBC}") = "Assign1", "Assign1\Assign1.csproj", "{A641D669-627E-4FD3-9918-9CCFAAA72E77}"
EndProject
Global
	GlobalSection(SolutionConfigurationPlatforms) = preSolution
		Debug|Any CPU = Debug|Any CPU
		Release|Any CPU = Release|Any CPU
	EndGlobalSection
	GlobalSection(ProjectConfigurationPlatforms) = postSolution
		{A641D669-627E-4FD3-9918-9CCFAAA72E77}.Debug|Any CPU.ActiveCfg = Debug|Any CPU
		{A641D669-627E-4FD3-9918-9CCFAAA72E77}.Debug|Any CPU.Build.0 = Debug|Any CPU
		{A641D669-627E-4FD3-9918-9CCFAAA72E77}.Release|Any CPU.ActiveCfg = Release|Any CPU
		{A641D669-627E-4FD3-9918-9CCFAAA72E77}.Release|Any CPU.Build.0 = Release|Any CPU
	EndGlobalSection
	GlobalSection(SolutionProperties) = preSolution
		HideSolutionNode = FALSE
	EndGlobalSection
EndGlobal
